<?xml version="1.0" encoding="utf-8"?>
<Project ToolsVersion="17.0" xmlns="http://schemas.microsoft.com/developer/msbuild/2003">
  <ItemGroup>
    <Filter Include="InfinityStudio">
      <UniqueIdentifier>{4105C9D3-D356-E7FC-D5E5-DFEBC1927F4B}</UniqueIdentifier>
    </Filter>
    <Filter Include="JUCE Library Code">
      <UniqueIdentifier>{7ED5A90E-41AF-A1EF-659B-37CEEAB9BA61}</UniqueIdentifier>
    </Filter>
  </ItemGroup>
  <ItemGroup>
    <ClCompile Include="JuceLibraryCode\include_juce_audio_basics.cpp" />
    <ClCompile Include="JuceLibraryCode\include_juce_audio_devices.cpp" />
    <ClCompile Include="JuceLibraryCode\include_juce_audio_formats.cpp" />
    <ClCompile Include="JuceLibraryCode\include_juce_audio_processors.cpp" />
    <ClCompile Include="JuceLibraryCode\include_juce_audio_utils.cpp" />
    <ClCompile Include="JuceLibraryCode\include_juce_core.cpp" />
    <ClCompile Include="JuceLibraryCode\include_juce_data_structures.cpp" />
    <ClCompile Include="JuceLibraryCode\include_juce_events.cpp" />
    <ClCompile Include="JuceLibraryCode\include_juce_graphics.cpp" />
    <ClCompile Include="JuceLibraryCode\include_juce_gui_basics.cpp" />
    <ClCompile Include="JuceLibraryCode\include_juce_gui_extra.cpp" />
    <ClCompile Include="Main.cpp" />
    <ClCompile Include="dialogs\MainWindow.cpp" />
    <ClCompile Include="Lua\Infinity\IIO.c" />
    <ClCompile Include="Lua\lapi.c" />
    <ClCompile Include="Lua\lauxlib.c" />
    <ClCompile Include="Lua\lbaselib.c" />
    <ClCompile Include="Lua\lcode.c" />
    <ClCompile Include="Lua\lcorolib.c" />
    <ClCompile Include="Lua\lctype.c" />
    <ClCompile Include="Lua\ldblib.c" />
    <ClCompile Include="Lua\ldebug.c" />
    <ClCompile Include="Lua\ldo.c" />
    <ClCompile Include="Lua\ldump.c" />
    <ClCompile Include="Lua\lfunc.c" />
    <ClCompile Include="Lua\lgc.c" />
    <ClCompile Include="Lua\linit.c" />
    <ClCompile Include="Lua\liolib.c" />
    <ClCompile Include="Lua\llex.c" />
    <ClCompile Include="Lua\lmathlib.c" />
    <ClCompile Include="Lua\lmem.c" />
    <ClCompile Include="Lua\loadlib.c" />
    <ClCompile Include="Lua\lobject.c" />
    <ClCompile Include="Lua\lopcodes.c" />
    <ClCompile Include="Lua\loslib.c" />
    <ClCompile Include="Lua\lparser.c" />
    <ClCompile Include="Lua\lstate.c" />
    <ClCompile Include="Lua\lstring.c" />
    <ClCompile Include="Lua\lstrlib.c" />
    <ClCompile Include="Lua\ltable.c" />
    <ClCompile Include="Lua\ltablib.c" />
    <ClCompile Include="Lua\ltm.c" />
    <ClCompile Include="Lua\lua.c" />
    <ClCompile Include="Lua\luac.c" />
    <ClCompile Include="Lua\lundump.c" />
    <ClCompile Include="Lua\lutf8lib.c" />
    <ClCompile Include="Lua\lvm.c" />
    <ClCompile Include="Lua\lzio.c" />
    <ClCompile Include="google\protobuf\io\coded_stream.cc" />
    <ClCompile Include="google\protobuf\io\gzip_stream.cc" />
    <ClCompile Include="google\protobuf\io\io_win32.cc" />
    <ClCompile Include="google\protobuf\io\printer.cc" />
    <ClCompile Include="google\protobuf\io\strtod.cc" />
    <ClCompile Include="google\protobuf\io\tokenizer.cc" />
    <ClCompile Include="google\protobuf\io\zero_copy_stream.cc" />
    <ClCompile Include="google\protobuf\io\zero_copy_stream_impl.cc" />
    <ClCompile Include="google\protobuf\io\zero_copy_stream_impl_lite.cc" />
    <ClCompile Include="google\protobuf\stubs\bytestream.cc" />
    <ClCompile Include="google\protobuf\stubs\common.cc" />
    <ClCompile Include="google\protobuf\stubs\int128.cc" />
    <ClCompile Include="google\protobuf\stubs\status.cc" />
    <ClCompile Include="google\protobuf\stubs\statusor.cc" />
    <ClCompile Include="google\protobuf\stubs\stringpiece.cc" />
    <ClCompile Include="google\protobuf\stubs\stringprintf.cc" />
    <ClCompile Include="google\protobuf\stubs\structurally_valid.cc" />
    <ClCompile Include="google\protobuf\stubs\strutil.cc" />
    <ClCompile Include="google\protobuf\stubs\substitute.cc" />
    <ClCompile Include="google\protobuf\stubs\time.cc" />
    <ClCompile Include="google\protobuf\util\internal\datapiece.cc" />
    <ClCompile Include="google\protobuf\util\internal\default_value_objectwriter.cc" />
    <ClCompile Include="google\protobuf\util\internal\error_listener.cc" />
    <ClCompile Include="google\protobuf\util\internal\field_mask_utility.cc" />
    <ClCompile Include="google\protobuf\util\internal\json_escaping.cc" />
    <ClCompile Include="google\protobuf\util\internal\json_objectwriter.cc" />
    <ClCompile Include="google\protobuf\util\internal\json_stream_parser.cc" />
    <ClCompile Include="google\protobuf\util\internal\object_writer.cc" />
    <ClCompile Include="google\protobuf\util\internal\proto_writer.cc" />
    <ClCompile Include="google\protobuf\util\internal\protostream_objectsource.cc" />
    <ClCompile Include="google\protobuf\util\internal\protostream_objectwriter.cc" />
    <ClCompile Include="google\protobuf\util\internal\type_info.cc" />
    <ClCompile Include="google\protobuf\util\internal\utility.cc" />
    <ClCompile Include="google\protobuf\util\delimited_message_util.cc" />
    <ClCompile Include="google\protobuf\util\field_comparator.cc" />
    <ClCompile Include="google\protobuf\util\field_mask_util.cc" />
    <ClCompile Include="google\protobuf\util\json_util.cc" />
    <ClCompile Include="google\protobuf\util\message_differencer.cc" />
    <ClCompile Include="google\protobuf\util\time_util.cc" />
    <ClCompile Include="google\protobuf\util\type_resolver_util.cc" />
    <ClCompile Include="google\protobuf\any.cc" />
    <ClCompile Include="google\protobuf\any.pb.cc" />
    <ClCompile Include="google\protobuf\any_lite.cc" />
    <ClCompile Include="google\protobuf\api.pb.cc" />
    <ClCompile Include="google\protobuf\arena.cc" />
    <ClCompile Include="google\protobuf\arenastring.cc" />
    <ClCompile Include="google\protobuf\descriptor.cc" />
    <ClCompile Include="google\protobuf\descriptor.pb.cc" />
    <ClCompile Include="google\protobuf\descriptor_database.cc" />
    <ClCompile Include="google\protobuf\duration.pb.cc" />
    <ClCompile Include="google\protobuf\dynamic_message.cc" />
    <ClCompile Include="google\protobuf\empty.pb.cc" />
    <ClCompile Include="google\protobuf\extension_set.cc" />
    <ClCompile Include="google\protobuf\extension_set_heavy.cc" />
    <ClCompile Include="google\protobuf\field_access_listener.cc" />
    <ClCompile Include="google\protobuf\field_mask.pb.cc" />
    <ClCompile Include="google\protobuf\generated_enum_util.cc" />
    <ClCompile Include="google\protobuf\generated_message_reflection.cc" />
    <ClCompile Include="google\protobuf\generated_message_table_driven.cc" />
    <ClCompile Include="google\protobuf\generated_message_table_driven_lite.cc" />
    <ClCompile Include="google\protobuf\generated_message_util.cc" />
    <ClCompile Include="google\protobuf\implicit_weak_message.cc" />
    <ClCompile Include="google\protobuf\map.cc" />
    <ClCompile Include="google\protobuf\map_field.cc" />
    <ClCompile Include="google\protobuf\message.cc" />
    <ClCompile Include="google\protobuf\message_lite.cc" />
    <ClCompile Include="google\protobuf\parse_context.cc" />
    <ClCompile Include="google\protobuf\reflection_ops.cc" />
    <ClCompile Include="google\protobuf\repeated_field.cc" />
    <ClCompile Include="google\protobuf\service.cc" />
    <ClCompile Include="google\protobuf\source_context.pb.cc" />
    <ClCompile Include="google\protobuf\struct.pb.cc" />
    <ClCompile Include="google\protobuf\text_format.cc" />
    <ClCompile Include="google\protobuf\timestamp.pb.cc" />
    <ClCompile Include="google\protobuf\type.pb.cc" />
    <ClCompile Include="google\protobuf\unknown_field_set.cc" />
    <ClCompile Include="google\protobuf\wire_format.cc" />
    <ClCompile Include="google\protobuf\wire_format_lite.cc" />
    <ClCompile Include="google\protobuf\wrappers.pb.cc" />
    <ClCompile Include="Pb\utils\pair.pb.cc" />
    <ClCompile Include="Pb\container.pb.cc" />
    <ClCompile Include="Pb\note.pb.cc" />
    <ClCompile Include="Pb\nparam.pb.cc" />
    <ClCompile Include="Pb\pattern.pb.cc" />
    <ClCompile Include="Pb\point.pb.cc" />
    <ClCompile Include="Pb\ppatt.pb.cc" />
    <ClCompile Include="Pb\project.pb.cc" />
    <ClCompile Include="Pb\tparam.pb.cc" />
    <ClCompile Include="Pb\track.pb.cc" />
    <ClCompile Include="utils\Config.cpp" />
    <ClCompile Include="widgets\MenuBar.cpp" />
    <ClCompile Include="widgets\CentralWidget.cpp" />
    <ClCompile Include="utils\Data.cpp" />
    <ClCompile Include="utils\Device.cpp" />
    <ClCompile Include="menus\utils\Menu.cpp" />
    <ClCompile Include="menus\utils\MenuManager.cpp" />
    <ClCompile Include="menus\utils\MenuStateMachine.cpp" />
    <ClCompile Include="widgets\ToolBar.cpp" />
    <ClCompile Include="uiModels\ToolBarFactory.cpp" />
    <ClCompile Include="uiModels\MenuBarModel.cpp" />
    <ClCompile Include="utils\Source.cpp" />
    <ClCompile Include="widgets\StatusBar.cpp" />
    <ClCompile Include="uiModels\StatusBarFactory.cpp" />
    <ClCompile Include="widgets\StatusBarButton.cpp" />
    <ClCompile Include="utils\Utils.cpp" />
    <ClCompile Include="widgets\EditorWidget.cpp" />
    <ClCompile Include="widgets\TrackView.cpp" />
    <ClCompile Include="widgets\NoteView.cpp" />
    <ClCompile Include="widgets\ParamView.cpp" />
    <ClCompile Include="utils\Size.cpp" />
    <ClCompile Include="utils\CallBackManager.cpp" />
    <ClCompile Include="llibs\DMH.cpp" />
    <ClCompile Include="llibs\ILLibs.cpp" />
    <ClCompile Include="data\DataModel.cpp" />
    <ClCompile Include="data\Package.cpp" />
    <ClCompile Include="Ilvm\ILVM.cpp" />
    <ClCompile Include="Ilvm\LThread.cpp" />
    <ClCompile Include="widgets\ConsoleWidget.cpp" />
    <ClCompile Include="uiModels\ConsoleToolBarFactory.cpp" />
    <ClCompile Include="uiModels\ToolBarFactoryBase.cpp" />
    <ClCompile Include="widgets\ConsoleToolBar.cpp" />
  </ItemGroup>
  <ItemGroup>
    <ClInclude Include="JuceLibraryCode\JuceHeader.h" />
    <ClInclude Include="resource.h" />
    <ClInclude Include="InfinityStudioApplication.h" />
    <ClInclude Include="dialogs\MainWindow.h" />
    <ClInclude Include="Lua\Infinity\IIO.h" />
    <ClInclude Include="Lua\lapi.h" />
    <ClInclude Include="Lua\lauxlib.h" />
    <ClInclude Include="Lua\lcode.h" />
    <ClInclude Include="Lua\lctype.h" />
    <ClInclude Include="Lua\ldebug.h" />
    <ClInclude Include="Lua\ldo.h" />
    <ClInclude Include="Lua\lfunc.h" />
    <ClInclude Include="Lua\lgc.h" />
    <ClInclude Include="Lua\ljumptab.h" />
    <ClInclude Include="Lua\llex.h" />
    <ClInclude Include="Lua\llimits.h" />
    <ClInclude Include="Lua\lmem.h" />
    <ClInclude Include="Lua\lobject.h" />
    <ClInclude Include="Lua\lopcodes.h" />
    <ClInclude Include="Lua\lopnames.h" />
    <ClInclude Include="Lua\lparser.h" />
    <ClInclude Include="Lua\lprefix.h" />
    <ClInclude Include="Lua\lstate.h" />
    <ClInclude Include="Lua\lstring.h" />
    <ClInclude Include="Lua\ltable.h" />
    <ClInclude Include="Lua\ltm.h" />
    <ClInclude Include="Lua\lua.h" />
    <ClInclude Include="Lua\lua.hpp" />
    <ClInclude Include="Lua\luaconf.h" />
    <ClInclude Include="Lua\lualib.h" />
    <ClInclude Include="Lua\lundump.h" />
    <ClInclude Include="Lua\lvm.h" />
    <ClInclude Include="Lua\lzio.h" />
    <ClInclude Include="google\protobuf\io\coded_stream.h" />
    <ClInclude Include="google\protobuf\io\gzip_stream.h" />
    <ClInclude Include="google\protobuf\io\io_win32.h" />
    <ClInclude Include="google\protobuf\io\package_info.h" />
    <ClInclude Include="google\protobuf\io\printer.h" />
    <ClInclude Include="google\protobuf\io\strtod.h" />
    <ClInclude Include="google\protobuf\io\tokenizer.h" />
    <ClInclude Include="google\protobuf\io\zero_copy_stream.h" />
    <ClInclude Include="google\protobuf\io\zero_copy_stream_impl.h" />
    <ClInclude Include="google\protobuf\io\zero_copy_stream_impl_lite.h" />
    <ClInclude Include="google\protobuf\stubs\bytestream.h" />
    <ClInclude Include="google\protobuf\stubs\callback.h" />
    <ClInclude Include="google\protobuf\stubs\casts.h" />
    <ClInclude Include="google\protobuf\stubs\common.h" />
    <ClInclude Include="google\protobuf\stubs\hash.h" />
    <ClInclude Include="google\protobuf\stubs\int128.h" />
    <ClInclude Include="google\protobuf\stubs\logging.h" />
    <ClInclude Include="google\protobuf\stubs\macros.h" />
    <ClInclude Include="google\protobuf\stubs\map_util.h" />
    <ClInclude Include="google\protobuf\stubs\mathutil.h" />
    <ClInclude Include="google\protobuf\stubs\mutex.h" />
    <ClInclude Include="google\protobuf\stubs\once.h" />
    <ClInclude Include="google\protobuf\stubs\platform_macros.h" />
    <ClInclude Include="google\protobuf\stubs\port.h" />
    <ClInclude Include="google\protobuf\stubs\status.h" />
    <ClInclude Include="google\protobuf\stubs\status_macros.h" />
    <ClInclude Include="google\protobuf\stubs\statusor.h" />
    <ClInclude Include="google\protobuf\stubs\stl_util.h" />
    <ClInclude Include="google\protobuf\stubs\stringpiece.h" />
    <ClInclude Include="google\protobuf\stubs\stringprintf.h" />
    <ClInclude Include="google\protobuf\stubs\strutil.h" />
    <ClInclude Include="google\protobuf\stubs\substitute.h" />
    <ClInclude Include="google\protobuf\stubs\template_util.h" />
    <ClInclude Include="google\protobuf\stubs\time.h" />
    <ClInclude Include="google\protobuf\util\internal\constants.h" />
    <ClInclude Include="google\protobuf\util\internal\datapiece.h" />
    <ClInclude Include="google\protobuf\util\internal\default_value_objectwriter.h" />
    <ClInclude Include="google\protobuf\util\internal\error_listener.h" />
    <ClInclude Include="google\protobuf\util\internal\expecting_objectwriter.h" />
    <ClInclude Include="google\protobuf\util\internal\field_mask_utility.h" />
    <ClInclude Include="google\protobuf\util\internal\json_escaping.h" />
    <ClInclude Include="google\protobuf\util\internal\json_objectwriter.h" />
    <ClInclude Include="google\protobuf\util\internal\json_stream_parser.h" />
    <ClInclude Include="google\protobuf\util\internal\location_tracker.h" />
    <ClInclude Include="google\protobuf\util\internal\mock_error_listener.h" />
    <ClInclude Include="google\protobuf\util\internal\object_location_tracker.h" />
    <ClInclude Include="google\protobuf\util\internal\object_source.h" />
    <ClInclude Include="google\protobuf\util\internal\object_writer.h" />
    <ClInclude Include="google\protobuf\util\internal\proto_writer.h" />
    <ClInclude Include="google\protobuf\util\internal\protostream_objectsource.h" />
    <ClInclude Include="google\protobuf\util\internal\protostream_objectwriter.h" />
    <ClInclude Include="google\protobuf\util\internal\structured_objectwriter.h" />
    <ClInclude Include="google\protobuf\util\internal\type_info.h" />
    <ClInclude Include="google\protobuf\util\internal\utility.h" />
    <ClInclude Include="google\protobuf\util\delimited_message_util.h" />
    <ClInclude Include="google\protobuf\util\field_comparator.h" />
    <ClInclude Include="google\protobuf\util\field_mask_util.h" />
    <ClInclude Include="google\protobuf\util\json_util.h" />
    <ClInclude Include="google\protobuf\util\message_differencer.h" />
    <ClInclude Include="google\protobuf\util\package_info.h" />
    <ClInclude Include="google\protobuf\util\time_util.h" />
    <ClInclude Include="google\protobuf\util\type_resolver.h" />
    <ClInclude Include="google\protobuf\util\type_resolver_util.h" />
    <ClInclude Include="google\protobuf\any.h" />
    <ClInclude Include="google\protobuf\any.pb.h" />
    <ClInclude Include="google\protobuf\api.pb.h" />
    <ClInclude Include="google\protobuf\arena.h" />
    <ClInclude Include="google\protobuf\arena_impl.h" />
    <ClInclude Include="google\protobuf\arenastring.h" />
    <ClInclude Include="google\protobuf\descriptor.h" />
    <ClInclude Include="google\protobuf\descriptor.pb.h" />
    <ClInclude Include="google\protobuf\descriptor_database.h" />
    <ClInclude Include="google\protobuf\duration.pb.h" />
    <ClInclude Include="google\protobuf\dynamic_message.h" />
    <ClInclude Include="google\protobuf\empty.pb.h" />
    <ClInclude Include="google\protobuf\extension_set.h" />
    <ClInclude Include="google\protobuf\extension_set_inl.h" />
    <ClInclude Include="google\protobuf\field_access_listener.h" />
    <ClInclude Include="google\protobuf\field_mask.pb.h" />
    <ClInclude Include="google\protobuf\generated_enum_reflection.h" />
    <ClInclude Include="google\protobuf\generated_enum_util.h" />
    <ClInclude Include="google\protobuf\generated_message_reflection.h" />
    <ClInclude Include="google\protobuf\generated_message_table_driven.h" />
    <ClInclude Include="google\protobuf\generated_message_table_driven_lite.h" />
    <ClInclude Include="google\protobuf\generated_message_tctable_decl.h" />
    <ClInclude Include="google\protobuf\generated_message_tctable_impl.h" />
    <ClInclude Include="google\protobuf\generated_message_util.h" />
    <ClInclude Include="google\protobuf\has_bits.h" />
    <ClInclude Include="google\protobuf\implicit_weak_message.h" />
    <ClInclude Include="google\protobuf\map.h" />
    <ClInclude Include="google\protobuf\map_entry.h" />
    <ClInclude Include="google\protobuf\map_entry_lite.h" />
    <ClInclude Include="google\protobuf\map_field.h" />
    <ClInclude Include="google\protobuf\map_field_inl.h" />
    <ClInclude Include="google\protobuf\map_field_lite.h" />
    <ClInclude Include="google\protobuf\map_type_handler.h" />
    <ClInclude Include="google\protobuf\message.h" />
    <ClInclude Include="google\protobuf\message_lite.h" />
    <ClInclude Include="google\protobuf\metadata.h" />
    <ClInclude Include="google\protobuf\metadata_lite.h" />
    <ClInclude Include="google\protobuf\package_info.h" />
    <ClInclude Include="google\protobuf\parse_context.h" />
    <ClInclude Include="google\protobuf\port.h" />
    <ClInclude Include="google\protobuf\reflection.h" />
    <ClInclude Include="google\protobuf\reflection_internal.h" />
    <ClInclude Include="google\protobuf\reflection_ops.h" />
    <ClInclude Include="google\protobuf\repeated_field.h" />
    <ClInclude Include="google\protobuf\service.h" />
    <ClInclude Include="google\protobuf\source_context.pb.h" />
    <ClInclude Include="google\protobuf\struct.pb.h" />
    <ClInclude Include="google\protobuf\text_format.h" />
    <ClInclude Include="google\protobuf\timestamp.pb.h" />
    <ClInclude Include="google\protobuf\type.pb.h" />
    <ClInclude Include="google\protobuf\unknown_field_set.h" />
    <ClInclude Include="google\protobuf\wire_format.h" />
    <ClInclude Include="google\protobuf\wire_format_lite.h" />
    <ClInclude Include="google\protobuf\wrappers.pb.h" />
    <ClInclude Include="Pb\utils\pair.pb.h" />
    <ClInclude Include="Pb\container.pb.h" />
    <ClInclude Include="Pb\note.pb.h" />
    <ClInclude Include="Pb\nparam.pb.h" />
    <ClInclude Include="Pb\pattern.pb.h" />
    <ClInclude Include="Pb\point.pb.h" />
    <ClInclude Include="Pb\ppatt.pb.h" />
    <ClInclude Include="Pb\project.pb.h" />
    <ClInclude Include="Pb\tparam.pb.h" />
    <ClInclude Include="Pb\track.pb.h" />
    <ClInclude Include="utils\Config.h" />
    <ClInclude Include="widgets\MenuBar.h" />
    <ClInclude Include="widgets\CentralWidget.h" />
    <ClInclude Include="utils\Size.h" />
    <ClInclude Include="utils\Data.h" />
    <ClInclude Include="utils\Device.h" />
    <ClInclude Include="menus\utils\Menu.h" />
    <ClInclude Include="menus\utils\MenuManager.h" />
    <ClInclude Include="menus\utils\MenuStateMachine.h" />
    <ClInclude Include="menus\FileMenu.h" />
    <ClInclude Include="menus\Menus.h" />
    <ClInclude Include="menus\ImportMenu.h" />
    <ClInclude Include="menus\ExportMenu.h" />
    <ClInclude Include="menus\EditMenu.h" />
    <ClInclude Include="menus\ViewMenu.h" />
    <ClInclude Include="menus\SnapMenu.h" />
    <ClInclude Include="menus\ModifyMenu.h" />
    <ClInclude Include="menus\ProjectMenu.h" />
    <ClInclude Include="menus\TransportMenu.h" />
    <ClInclude Include="menus\AutomaticMenu.h" />
    <ClInclude Include="menus\ConfigMenu.h" />
    <ClInclude Include="menus\MiscMenu.h" />
    <ClInclude Include="widgets\ToolBar.h" />
    <ClInclude Include="uiModels\ToolBarFactory.h" />
    <ClInclude Include="uiModels\MenuBarModel.h" />
    <ClInclude Include="utils\Source.h" />
    <ClInclude Include="widgets\StatusBar.h" />
    <ClInclude Include="uiModels\StatusBarFactory.h" />
    <ClInclude Include="utils\StateGetter.h" />
    <ClInclude Include="utils\TextStateGetter.h" />
    <ClInclude Include="utils\KeyStateGetter.h" />
    <ClInclude Include="widgets\StatusBarButton.h" />
    <ClInclude Include="utils\Utils.h" />
    <ClInclude Include="utils\ImageStateGetter.h" />
    <ClInclude Include="widgets\EditorWidget.h" />
    <ClInclude Include="widgets\TrackView.h" />
    <ClInclude Include="widgets\NoteView.h" />
    <ClInclude Include="widgets\ParamView.h" />
    <ClInclude Include="utils\CallBackManager.h" />
    <ClInclude Include="llibs\DMH.h" />
    <ClInclude Include="llibs\ILLibs.h" />
    <ClInclude Include="data\DataModel.h" />
    <ClInclude Include="data\Package.h" />
    <ClInclude Include="Ilvm\ILVM.h" />
    <ClInclude Include="Ilvm\LThread.h" />
    <ClInclude Include="widgets\ConsoleWidget.h" />
    <ClInclude Include="uiModels\ConsoleToolBarFactory.h" />
    <ClInclude Include="uiModels\ToolBarFactoryBase.h" />
    <ClInclude Include="widgets\ConsoleToolBar.h" />
  </ItemGroup>
  <ItemGroup>
    <ResourceCompile Include=".\resources.rc">
      <Filter>JUCE Library Code</Filter>
    </ResourceCompile>
  </ItemGroup>
  <ItemGroup>
    <None Include="JuceLibraryCode\include_juce_audio_basics.mm" />
    <None Include="JuceLibraryCode\include_juce_audio_devices.mm" />
    <None Include="JuceLibraryCode\include_juce_audio_formats.mm" />
    <None Include="JuceLibraryCode\include_juce_audio_processors.mm" />
    <None Include="JuceLibraryCode\include_juce_audio_utils.mm" />
    <None Include="JuceLibraryCode\include_juce_core.mm" />
    <None Include="JuceLibraryCode\include_juce_data_structures.mm" />
    <None Include="JuceLibraryCode\include_juce_events.mm" />
    <None Include="JuceLibraryCode\include_juce_graphics.mm" />
    <None Include="JuceLibraryCode\include_juce_gui_basics.mm" />
    <None Include="JuceLibraryCode\include_juce_gui_extra.mm" />
    <None Include="InfinityStudio.jucer" />
    <None Include="cpp.hint" />
    <None Include="google\protobuf\generated_message_tctable_impl.inc" />
    <None Include="google\protobuf\port_def.inc" />
    <None Include="google\protobuf\port_undef.inc" />
  </ItemGroup>
  <ItemGroup>
    <Text Include="JuceLibraryCode\ReadMe.txt" />
  </ItemGroup>
  <ItemGroup>
    <Image Include="icon1.ico" />
    <Image Include="src\LOGO.png" />
    <Image Include="src\LOGO.ico" />
  </ItemGroup>
</Project>